
Microsoft Visual Studio Solution File, Format Version 12.00
# Visual Studio Version 16
VisualStudioVersion = 16.0.31605.320
MinimumVisualStudioVersion = 10.0.40219.1
Project("{FAE04EC0-301F-11D3-BF4B-00C04F79EFBC}") = "LAB3", "LAB3.csproj", "{CA229611-1B06-4F7E-976D-DE9D3F97E68E}"
EndProject
Project("{FAE04EC0-301F-11D3-BF4B-00C04F79EFBC}") = "lab3_2", "..\lab3_2\lab3_2.csproj", "{ADE2019C-D210-4335-A439-1CB3B445863A}"
EndProject
Global
	GlobalSection(SolutionConfigurationPlatforms) = preSolution
		Debug|Any CPU = Debug|Any CPU
		Release|Any CPU = Release|Any CPU
	EndGlobalSection
	GlobalSection(ProjectConfigurationPlatforms) = postSolution
		{CA229611-1B06-4F7E-976D-DE9D3F97E68E}.Debug|Any CPU.ActiveCfg = Debug|Any CPU
		{CA229611-1B06-4F7E-976D-DE9D3F97E68E}.Debug|Any CPU.Build.0 = Debug|Any CPU
		{CA229611-1B06-4F7E-976D-DE9D3F97E68E}.Release|Any CPU.ActiveCfg = Release|Any CPU
		{CA229611-1B06-4F7E-976D-DE9D3F97E68E}.Release|Any CPU.Build.0 = Release|Any CPU
		{ADE2019C-D210-4335-A439-1CB3B445863A}.Debug|Any CPU.ActiveCfg = Debug|Any CPU
		{ADE2019C-D210-4335-A439-1CB3B445863A}.Debug|Any CPU.Build.0 = Debug|Any CPU
		{ADE2019C-D210-4335-A439-1CB3B445863A}.Release|Any CPU.ActiveCfg = Release|Any CPU
		{ADE2019C-D210-4335-A439-1CB3B445863A}.Release|Any CPU.Build.0 = Release|Any CPU
	EndGlobalSection
	GlobalSection(SolutionProperties) = preSolution
		HideSolutionNode = FALSE
	EndGlobalSection
	GlobalSection(ExtensibilityGlobals) = postSolution
		SolutionGuid = {9510BC4A-6314-47DB-81EB-14EC90B8B43B}
	EndGlobalSection
EndGlobal
